
Microsoft Visual Studio Solution File, Format Version 12.00
# Visual Studio 15
VisualStudioVersion = 15.0.27130.2027
MinimumVisualStudioVersion = 10.0.40219.1
Project("{FAE04EC0-301F-11D3-BF4B-00C04F79EFBC}") = "DatabaseFirstDemo", "DatabaseFirstDemo\DatabaseFirstDemo.csproj", "{C1168DD2-4EAD-43A9-BF19-EA5D10ACFAC2}"
EndProject
Project("{FAE04EC0-301F-11D3-BF4B-00C04F79EFBC}") = "CodeFirstDemo", "CodeFirstDemo\CodeFirstDemo.csproj", "{FB38D049-026C-4340-8302-CE6CA2DCA691}"
EndProject
Project("{FAE04EC0-301F-11D3-BF4B-00C04F79EFBC}") = "DatabaseFirst", "DatabaseFirst\DatabaseFirst.csproj", "{AFD72901-2E42-43DF-9AA4-5861E9773F94}"
EndProject
Project("{FAE04EC0-301F-11D3-BF4B-00C04F79EFBC}") = "CodeFirst", "CodeFirst\CodeFirst.csproj", "{A53589B2-9052-4D70-8135-62F774D808DF}"
EndProject
Project("{FAE04EC0-301F-11D3-BF4B-00C04F79EFBC}") = "VidzyCodeFirst", "VidzyCodeFirst\VidzyCodeFirst.csproj", "{F1371239-B132-473E-B08F-5FC4A2E7AC95}"
EndProject
Global
	GlobalSection(SolutionConfigurationPlatforms) = preSolution
		Debug|Any CPU = Debug|Any CPU
		Release|Any CPU = Release|Any CPU
	EndGlobalSection
	GlobalSection(ProjectConfigurationPlatforms) = postSolution
		{C1168DD2-4EAD-43A9-BF19-EA5D10ACFAC2}.Debug|Any CPU.ActiveCfg = Debug|Any CPU
		{C1168DD2-4EAD-43A9-BF19-EA5D10ACFAC2}.Debug|Any CPU.Build.0 = Debug|Any CPU
		{C1168DD2-4EAD-43A9-BF19-EA5D10ACFAC2}.Release|Any CPU.ActiveCfg = Release|Any CPU
		{C1168DD2-4EAD-43A9-BF19-EA5D10ACFAC2}.Release|Any CPU.Build.0 = Release|Any CPU
		{FB38D049-026C-4340-8302-CE6CA2DCA691}.Debug|Any CPU.ActiveCfg = Debug|Any CPU
		{FB38D049-026C-4340-8302-CE6CA2DCA691}.Debug|Any CPU.Build.0 = Debug|Any CPU
		{FB38D049-026C-4340-8302-CE6CA2DCA691}.Release|Any CPU.ActiveCfg = Release|Any CPU
		{FB38D049-026C-4340-8302-CE6CA2DCA691}.Release|Any CPU.Build.0 = Release|Any CPU
		{AFD72901-2E42-43DF-9AA4-5861E9773F94}.Debug|Any CPU.ActiveCfg = Debug|Any CPU
		{AFD72901-2E42-43DF-9AA4-5861E9773F94}.Debug|Any CPU.Build.0 = Debug|Any CPU
		{AFD72901-2E42-43DF-9AA4-5861E9773F94}.Release|Any CPU.ActiveCfg = Release|Any CPU
		{AFD72901-2E42-43DF-9AA4-5861E9773F94}.Release|Any CPU.Build.0 = Release|Any CPU
		{A53589B2-9052-4D70-8135-62F774D808DF}.Debug|Any CPU.ActiveCfg = Debug|Any CPU
		{A53589B2-9052-4D70-8135-62F774D808DF}.Debug|Any CPU.Build.0 = Debug|Any CPU
		{A53589B2-9052-4D70-8135-62F774D808DF}.Release|Any CPU.ActiveCfg = Release|Any CPU
		{A53589B2-9052-4D70-8135-62F774D808DF}.Release|Any CPU.Build.0 = Release|Any CPU
		{F1371239-B132-473E-B08F-5FC4A2E7AC95}.Debug|Any CPU.ActiveCfg = Debug|Any CPU
		{F1371239-B132-473E-B08F-5FC4A2E7AC95}.Debug|Any CPU.Build.0 = Debug|Any CPU
		{F1371239-B132-473E-B08F-5FC4A2E7AC95}.Release|Any CPU.ActiveCfg = Release|Any CPU
		{F1371239-B132-473E-B08F-5FC4A2E7AC95}.Release|Any CPU.Build.0 = Release|Any CPU
	EndGlobalSection
	GlobalSection(SolutionProperties) = preSolution
		HideSolutionNode = FALSE
	EndGlobalSection
	GlobalSection(ExtensibilityGlobals) = postSolution
		SolutionGuid = {D1E99227-6FC5-4483-AEED-557FDEF356C8}
	EndGlobalSection
EndGlobal
